
Microsoft Visual Studio Solution File, Format Version 12.00
# Visual Studio Version 17
VisualStudioVersion = 17.5.33502.453
MinimumVisualStudioVersion = 10.0.40219.1
Project("{9A19103F-16F7-4668-BE54-9A1E7A4F7556}") = "BudgetTracker", "BudgetTracker.csproj", "{70185C5E-5CA2-474E-B27C-2CA3FF33DA26}"
EndProject
Global
	GlobalSection(SolutionConfigurationPlatforms) = preSolution
		Debug|Any CPU = Debug|Any CPU
		Release|Any CPU = Release|Any CPU
	EndGlobalSection
	GlobalSection(ProjectConfigurationPlatforms) = postSolution
		{70185C5E-5CA2-474E-B27C-2CA3FF33DA26}.Debug|Any CPU.ActiveCfg = Debug|Any CPU
		{70185C5E-5CA2-474E-B27C-2CA3FF33DA26}.Debug|Any CPU.Build.0 = Debug|Any CPU
		{70185C5E-5CA2-474E-B27C-2CA3FF33DA26}.Release|Any CPU.ActiveCfg = Release|Any CPU
		{70185C5E-5CA2-474E-B27C-2CA3FF33DA26}.Release|Any CPU.Build.0 = Release|Any CPU
	EndGlobalSection
	GlobalSection(SolutionProperties) = preSolution
		HideSolutionNode = FALSE
	EndGlobalSection
	GlobalSection(ExtensibilityGlobals) = postSolution
		SolutionGuid = {3FBC0C75-F847-4B6B-8A47-F1B39EEF63B0}
	EndGlobalSection
EndGlobal
